
Microsoft Visual Studio Solution File, Format Version 12.00
# Visual Studio Version 17
VisualStudioVersion = 17.0.32112.339
MinimumVisualStudioVersion = 10.0.40219.1
Project("{FAE04EC0-301F-11D3-BF4B-00C04F79EFBC}") = "TestNN2", "TestNN2\TestNN2.csproj", "{F7745950-3D30-430F-B0C8-471EC43BD05D}"
EndProject
Project("{FAE04EC0-301F-11D3-BF4B-00C04F79EFBC}") = "MatrixMath", "MatrixMath\MatrixMath.csproj", "{05B6AB45-389D-473D-8852-5681C98EBD32}"
EndProject
Global
	GlobalSection(SolutionConfigurationPlatforms) = preSolution
		Debug|Any CPU = Debug|Any CPU
		Release|Any CPU = Release|Any CPU
	EndGlobalSection
	GlobalSection(ProjectConfigurationPlatforms) = postSolution
		{F7745950-3D30-430F-B0C8-471EC43BD05D}.Debug|Any CPU.ActiveCfg = Debug|Any CPU
		{F7745950-3D30-430F-B0C8-471EC43BD05D}.Debug|Any CPU.Build.0 = Debug|Any CPU
		{F7745950-3D30-430F-B0C8-471EC43BD05D}.Release|Any CPU.ActiveCfg = Release|Any CPU
		{F7745950-3D30-430F-B0C8-471EC43BD05D}.Release|Any CPU.Build.0 = Release|Any CPU
		{05B6AB45-389D-473D-8852-5681C98EBD32}.Debug|Any CPU.ActiveCfg = Debug|Any CPU
		{05B6AB45-389D-473D-8852-5681C98EBD32}.Debug|Any CPU.Build.0 = Debug|Any CPU
		{05B6AB45-389D-473D-8852-5681C98EBD32}.Release|Any CPU.ActiveCfg = Release|Any CPU
		{05B6AB45-389D-473D-8852-5681C98EBD32}.Release|Any CPU.Build.0 = Release|Any CPU
	EndGlobalSection
	GlobalSection(SolutionProperties) = preSolution
		HideSolutionNode = FALSE
	EndGlobalSection
	GlobalSection(ExtensibilityGlobals) = postSolution
		SolutionGuid = {80405094-FDE6-4265-824D-494BCDA63597}
	EndGlobalSection
EndGlobal
